
Microsoft Visual Studio Solution File, Format Version 12.00
# Visual Studio Version 17
VisualStudioVersion = 17.3.32901.215
MinimumVisualStudioVersion = 10.0.40219.1
Project("{FAE04EC0-301F-11D3-BF4B-00C04F79EFBC}") = "Lagrange-interpolation", "Lagrange-interpolation\Lagrange-interpolation.csproj", "{44AF33C6-AC72-4EEE-B90B-1CCB3AC90DD4}"
EndProject
Global
	GlobalSection(SolutionConfigurationPlatforms) = preSolution
		Debug|Any CPU = Debug|Any CPU
		Release|Any CPU = Release|Any CPU
	EndGlobalSection
	GlobalSection(ProjectConfigurationPlatforms) = postSolution
		{44AF33C6-AC72-4EEE-B90B-1CCB3AC90DD4}.Debug|Any CPU.ActiveCfg = Debug|Any CPU
		{44AF33C6-AC72-4EEE-B90B-1CCB3AC90DD4}.Debug|Any CPU.Build.0 = Debug|Any CPU
		{44AF33C6-AC72-4EEE-B90B-1CCB3AC90DD4}.Release|Any CPU.ActiveCfg = Release|Any CPU
		{44AF33C6-AC72-4EEE-B90B-1CCB3AC90DD4}.Release|Any CPU.Build.0 = Release|Any CPU
	EndGlobalSection
	GlobalSection(SolutionProperties) = preSolution
		HideSolutionNode = FALSE
	EndGlobalSection
	GlobalSection(ExtensibilityGlobals) = postSolution
		SolutionGuid = {608206F3-2BED-49B9-B37A-C443C8A93C3F}
	EndGlobalSection
EndGlobal
